
Microsoft Visual Studio Solution File, Format Version 12.00
# Visual Studio Version 16
VisualStudioVersion = 16.0.30523.141
MinimumVisualStudioVersion = 10.0.40219.1
Project("{FAE04EC0-301F-11D3-BF4B-00C04F79EFBC}") = "01. Match Full Name", "01. Match Full Name\01. Match Full Name.csproj", "{C52F5280-80B9-4C4F-A6CE-CA964ADF8887}"
EndProject
Project("{FAE04EC0-301F-11D3-BF4B-00C04F79EFBC}") = "02. Match Phone Number", "02. Match Phone Number\02. Match Phone Number.csproj", "{D6015E63-D20E-48CC-91F8-2EE9DD373AF5}"
EndProject
Project("{FAE04EC0-301F-11D3-BF4B-00C04F79EFBC}") = "03. Match Dates", "03. Match Dates\03. Match Dates.csproj", "{2067DE0C-D616-4D55-B7B6-87FE3A71BA18}"
EndProject
Global
	GlobalSection(SolutionConfigurationPlatforms) = preSolution
		Debug|Any CPU = Debug|Any CPU
		Release|Any CPU = Release|Any CPU
	EndGlobalSection
	GlobalSection(ProjectConfigurationPlatforms) = postSolution
		{C52F5280-80B9-4C4F-A6CE-CA964ADF8887}.Debug|Any CPU.ActiveCfg = Debug|Any CPU
		{C52F5280-80B9-4C4F-A6CE-CA964ADF8887}.Debug|Any CPU.Build.0 = Debug|Any CPU
		{C52F5280-80B9-4C4F-A6CE-CA964ADF8887}.Release|Any CPU.ActiveCfg = Release|Any CPU
		{C52F5280-80B9-4C4F-A6CE-CA964ADF8887}.Release|Any CPU.Build.0 = Release|Any CPU
		{D6015E63-D20E-48CC-91F8-2EE9DD373AF5}.Debug|Any CPU.ActiveCfg = Debug|Any CPU
		{D6015E63-D20E-48CC-91F8-2EE9DD373AF5}.Debug|Any CPU.Build.0 = Debug|Any CPU
		{D6015E63-D20E-48CC-91F8-2EE9DD373AF5}.Release|Any CPU.ActiveCfg = Release|Any CPU
		{D6015E63-D20E-48CC-91F8-2EE9DD373AF5}.Release|Any CPU.Build.0 = Release|Any CPU
		{2067DE0C-D616-4D55-B7B6-87FE3A71BA18}.Debug|Any CPU.ActiveCfg = Debug|Any CPU
		{2067DE0C-D616-4D55-B7B6-87FE3A71BA18}.Debug|Any CPU.Build.0 = Debug|Any CPU
		{2067DE0C-D616-4D55-B7B6-87FE3A71BA18}.Release|Any CPU.ActiveCfg = Release|Any CPU
		{2067DE0C-D616-4D55-B7B6-87FE3A71BA18}.Release|Any CPU.Build.0 = Release|Any CPU
	EndGlobalSection
	GlobalSection(SolutionProperties) = preSolution
		HideSolutionNode = FALSE
	EndGlobalSection
	GlobalSection(ExtensibilityGlobals) = postSolution
		SolutionGuid = {C21C74DB-1EB9-4501-9A21-2CCFB89A11D6}
	EndGlobalSection
EndGlobal
