
Microsoft Visual Studio Solution File, Format Version 12.00
# Visual Studio Version 17
VisualStudioVersion = 17.2.32516.85
MinimumVisualStudioVersion = 10.0.40219.1
Project("{FAE04EC0-301F-11D3-BF4B-00C04F79EFBC}") = "api with ado.net", "api with ado.net\api with ado.net.csproj", "{61DF9078-64C6-4666-8279-F2A53374DCAC}"
EndProject
Global
	GlobalSection(SolutionConfigurationPlatforms) = preSolution
		Debug|Any CPU = Debug|Any CPU
		Release|Any CPU = Release|Any CPU
	EndGlobalSection
	GlobalSection(ProjectConfigurationPlatforms) = postSolution
		{61DF9078-64C6-4666-8279-F2A53374DCAC}.Debug|Any CPU.ActiveCfg = Debug|Any CPU
		{61DF9078-64C6-4666-8279-F2A53374DCAC}.Debug|Any CPU.Build.0 = Debug|Any CPU
		{61DF9078-64C6-4666-8279-F2A53374DCAC}.Release|Any CPU.ActiveCfg = Release|Any CPU
		{61DF9078-64C6-4666-8279-F2A53374DCAC}.Release|Any CPU.Build.0 = Release|Any CPU
	EndGlobalSection
	GlobalSection(SolutionProperties) = preSolution
		HideSolutionNode = FALSE
	EndGlobalSection
	GlobalSection(ExtensibilityGlobals) = postSolution
		SolutionGuid = {932ACA60-7C2E-4406-BD61-7479CBF02F6A}
	EndGlobalSection
EndGlobal
