
Microsoft Visual Studio Solution File, Format Version 12.00
# Visual Studio Version 16
VisualStudioVersion = 16.0.30523.141
MinimumVisualStudioVersion = 10.0.40219.1
Project("{9A19103F-16F7-4668-BE54-9A1E7A4F7556}") = "01.Vehicles", "01.Vehicles\01.Vehicles.csproj", "{B4193D13-120E-4111-80B8-147267C8CBB5}"
EndProject
Project("{9A19103F-16F7-4668-BE54-9A1E7A4F7556}") = "02.VehiclesExtension", "02.VehiclesExtension\02.VehiclesExtension.csproj", "{B40218B1-37AD-4491-ADE3-B78CEB3B597D}"
EndProject
Project("{9A19103F-16F7-4668-BE54-9A1E7A4F7556}") = "03.Raiding", "03.Raiding\03.Raiding.csproj", "{DAB1EFFC-9999-4E97-8AA7-72152C132B72}"
EndProject
Project("{FAE04EC0-301F-11D3-BF4B-00C04F79EFBC}") = "04.WildFarm", "04.WildFarm\04.WildFarm.csproj", "{0B14B964-EDF4-4BA3-9D72-C27B0E478431}"
EndProject
Global
	GlobalSection(SolutionConfigurationPlatforms) = preSolution
		Debug|Any CPU = Debug|Any CPU
		Release|Any CPU = Release|Any CPU
	EndGlobalSection
	GlobalSection(ProjectConfigurationPlatforms) = postSolution
		{B4193D13-120E-4111-80B8-147267C8CBB5}.Debug|Any CPU.ActiveCfg = Debug|Any CPU
		{B4193D13-120E-4111-80B8-147267C8CBB5}.Debug|Any CPU.Build.0 = Debug|Any CPU
		{B4193D13-120E-4111-80B8-147267C8CBB5}.Release|Any CPU.ActiveCfg = Release|Any CPU
		{B4193D13-120E-4111-80B8-147267C8CBB5}.Release|Any CPU.Build.0 = Release|Any CPU
		{B40218B1-37AD-4491-ADE3-B78CEB3B597D}.Debug|Any CPU.ActiveCfg = Debug|Any CPU
		{B40218B1-37AD-4491-ADE3-B78CEB3B597D}.Debug|Any CPU.Build.0 = Debug|Any CPU
		{B40218B1-37AD-4491-ADE3-B78CEB3B597D}.Release|Any CPU.ActiveCfg = Release|Any CPU
		{B40218B1-37AD-4491-ADE3-B78CEB3B597D}.Release|Any CPU.Build.0 = Release|Any CPU
		{DAB1EFFC-9999-4E97-8AA7-72152C132B72}.Debug|Any CPU.ActiveCfg = Debug|Any CPU
		{DAB1EFFC-9999-4E97-8AA7-72152C132B72}.Debug|Any CPU.Build.0 = Debug|Any CPU
		{DAB1EFFC-9999-4E97-8AA7-72152C132B72}.Release|Any CPU.ActiveCfg = Release|Any CPU
		{DAB1EFFC-9999-4E97-8AA7-72152C132B72}.Release|Any CPU.Build.0 = Release|Any CPU
		{0B14B964-EDF4-4BA3-9D72-C27B0E478431}.Debug|Any CPU.ActiveCfg = Debug|Any CPU
		{0B14B964-EDF4-4BA3-9D72-C27B0E478431}.Debug|Any CPU.Build.0 = Debug|Any CPU
		{0B14B964-EDF4-4BA3-9D72-C27B0E478431}.Release|Any CPU.ActiveCfg = Release|Any CPU
		{0B14B964-EDF4-4BA3-9D72-C27B0E478431}.Release|Any CPU.Build.0 = Release|Any CPU
	EndGlobalSection
	GlobalSection(SolutionProperties) = preSolution
		HideSolutionNode = FALSE
	EndGlobalSection
	GlobalSection(ExtensibilityGlobals) = postSolution
		SolutionGuid = {4129C29D-0C89-4A93-A636-7B5ACCF51A76}
	EndGlobalSection
EndGlobal
