
Microsoft Visual Studio Solution File, Format Version 12.00
# Visual Studio Version 16
VisualStudioVersion = 16.0.30523.141
MinimumVisualStudioVersion = 10.0.40219.1
Project("{FAE04EC0-301F-11D3-BF4B-00C04F79EFBC}") = "01.SingleInheritance", "01.SingleInheritance\01.SingleInheritance.csproj", "{934BA903-AB5B-45B8-9176-01232C28B2A8}"
EndProject
Project("{FAE04EC0-301F-11D3-BF4B-00C04F79EFBC}") = "02.MultipleInheritance", "02.MultipleInheritance\02.MultipleInheritance.csproj", "{BC617181-5BB6-4967-A263-14D6F73A8C9A}"
EndProject
Project("{FAE04EC0-301F-11D3-BF4B-00C04F79EFBC}") = "03.HierarchicalInheritance", "03.HierarchicalInheritance\03.HierarchicalInheritance.csproj", "{EA64D4F5-884D-497B-97ED-3E904C7D366E}"
EndProject
Project("{FAE04EC0-301F-11D3-BF4B-00C04F79EFBC}") = "04.RandomList", "04.RandomList\04.RandomList.csproj", "{C8465421-AD3C-49F2-AF16-5466821499FE}"
EndProject
Project("{FAE04EC0-301F-11D3-BF4B-00C04F79EFBC}") = "05.StackOfStrings", "05.StackOfStrings\05.StackOfStrings.csproj", "{A034670C-B85B-4D5D-BA8B-0DEF15CB94A4}"
EndProject
Global
	GlobalSection(SolutionConfigurationPlatforms) = preSolution
		Debug|Any CPU = Debug|Any CPU
		Release|Any CPU = Release|Any CPU
	EndGlobalSection
	GlobalSection(ProjectConfigurationPlatforms) = postSolution
		{934BA903-AB5B-45B8-9176-01232C28B2A8}.Debug|Any CPU.ActiveCfg = Debug|Any CPU
		{934BA903-AB5B-45B8-9176-01232C28B2A8}.Debug|Any CPU.Build.0 = Debug|Any CPU
		{934BA903-AB5B-45B8-9176-01232C28B2A8}.Release|Any CPU.ActiveCfg = Release|Any CPU
		{934BA903-AB5B-45B8-9176-01232C28B2A8}.Release|Any CPU.Build.0 = Release|Any CPU
		{BC617181-5BB6-4967-A263-14D6F73A8C9A}.Debug|Any CPU.ActiveCfg = Debug|Any CPU
		{BC617181-5BB6-4967-A263-14D6F73A8C9A}.Debug|Any CPU.Build.0 = Debug|Any CPU
		{BC617181-5BB6-4967-A263-14D6F73A8C9A}.Release|Any CPU.ActiveCfg = Release|Any CPU
		{BC617181-5BB6-4967-A263-14D6F73A8C9A}.Release|Any CPU.Build.0 = Release|Any CPU
		{EA64D4F5-884D-497B-97ED-3E904C7D366E}.Debug|Any CPU.ActiveCfg = Debug|Any CPU
		{EA64D4F5-884D-497B-97ED-3E904C7D366E}.Debug|Any CPU.Build.0 = Debug|Any CPU
		{EA64D4F5-884D-497B-97ED-3E904C7D366E}.Release|Any CPU.ActiveCfg = Release|Any CPU
		{EA64D4F5-884D-497B-97ED-3E904C7D366E}.Release|Any CPU.Build.0 = Release|Any CPU
		{C8465421-AD3C-49F2-AF16-5466821499FE}.Debug|Any CPU.ActiveCfg = Debug|Any CPU
		{C8465421-AD3C-49F2-AF16-5466821499FE}.Debug|Any CPU.Build.0 = Debug|Any CPU
		{C8465421-AD3C-49F2-AF16-5466821499FE}.Release|Any CPU.ActiveCfg = Release|Any CPU
		{C8465421-AD3C-49F2-AF16-5466821499FE}.Release|Any CPU.Build.0 = Release|Any CPU
		{A034670C-B85B-4D5D-BA8B-0DEF15CB94A4}.Debug|Any CPU.ActiveCfg = Debug|Any CPU
		{A034670C-B85B-4D5D-BA8B-0DEF15CB94A4}.Debug|Any CPU.Build.0 = Debug|Any CPU
		{A034670C-B85B-4D5D-BA8B-0DEF15CB94A4}.Release|Any CPU.ActiveCfg = Release|Any CPU
		{A034670C-B85B-4D5D-BA8B-0DEF15CB94A4}.Release|Any CPU.Build.0 = Release|Any CPU
	EndGlobalSection
	GlobalSection(SolutionProperties) = preSolution
		HideSolutionNode = FALSE
	EndGlobalSection
	GlobalSection(ExtensibilityGlobals) = postSolution
		SolutionGuid = {16F11D10-5F64-4ECB-96DD-7CD6C31220FC}
	EndGlobalSection
EndGlobal
