
Microsoft Visual Studio Solution File, Format Version 12.00
# Visual Studio Version 16
VisualStudioVersion = 16.0.30523.141
MinimumVisualStudioVersion = 10.0.40219.1
Project("{9A19103F-16F7-4668-BE54-9A1E7A4F7556}") = "1. Odd Lines", "1. Odd Lines\1. Odd Lines.csproj", "{5C927A9F-C75B-4B98-9F57-5180A8777F3E}"
EndProject
Project("{FAE04EC0-301F-11D3-BF4B-00C04F79EFBC}") = "2. Line Numbers", "2. Line Numbers\2. Line Numbers.csproj", "{FBDF27D8-A821-4377-B065-08DE9B401601}"
EndProject
Project("{FAE04EC0-301F-11D3-BF4B-00C04F79EFBC}") = "3. Word Count", "3. Word Count\3. Word Count.csproj", "{4426663E-4D22-427F-B3D4-E7936F7BB173}"
EndProject
Project("{FAE04EC0-301F-11D3-BF4B-00C04F79EFBC}") = "4. Merge Files", "4. Merge Files\4. Merge Files.csproj", "{ECE446B7-BDCD-419C-B956-D436FFFB8F19}"
EndProject
Project("{FAE04EC0-301F-11D3-BF4B-00C04F79EFBC}") = "5. Slice a File", "5. Slice a File\5. Slice a File.csproj", "{A4325F19-4275-4B7A-B2D0-A1FF5D013AB9}"
EndProject
Global
	GlobalSection(SolutionConfigurationPlatforms) = preSolution
		Debug|Any CPU = Debug|Any CPU
		Release|Any CPU = Release|Any CPU
	EndGlobalSection
	GlobalSection(ProjectConfigurationPlatforms) = postSolution
		{5C927A9F-C75B-4B98-9F57-5180A8777F3E}.Debug|Any CPU.ActiveCfg = Debug|Any CPU
		{5C927A9F-C75B-4B98-9F57-5180A8777F3E}.Debug|Any CPU.Build.0 = Debug|Any CPU
		{5C927A9F-C75B-4B98-9F57-5180A8777F3E}.Release|Any CPU.ActiveCfg = Release|Any CPU
		{5C927A9F-C75B-4B98-9F57-5180A8777F3E}.Release|Any CPU.Build.0 = Release|Any CPU
		{FBDF27D8-A821-4377-B065-08DE9B401601}.Debug|Any CPU.ActiveCfg = Debug|Any CPU
		{FBDF27D8-A821-4377-B065-08DE9B401601}.Debug|Any CPU.Build.0 = Debug|Any CPU
		{FBDF27D8-A821-4377-B065-08DE9B401601}.Release|Any CPU.ActiveCfg = Release|Any CPU
		{FBDF27D8-A821-4377-B065-08DE9B401601}.Release|Any CPU.Build.0 = Release|Any CPU
		{4426663E-4D22-427F-B3D4-E7936F7BB173}.Debug|Any CPU.ActiveCfg = Debug|Any CPU
		{4426663E-4D22-427F-B3D4-E7936F7BB173}.Debug|Any CPU.Build.0 = Debug|Any CPU
		{4426663E-4D22-427F-B3D4-E7936F7BB173}.Release|Any CPU.ActiveCfg = Release|Any CPU
		{4426663E-4D22-427F-B3D4-E7936F7BB173}.Release|Any CPU.Build.0 = Release|Any CPU
		{ECE446B7-BDCD-419C-B956-D436FFFB8F19}.Debug|Any CPU.ActiveCfg = Debug|Any CPU
		{ECE446B7-BDCD-419C-B956-D436FFFB8F19}.Debug|Any CPU.Build.0 = Debug|Any CPU
		{ECE446B7-BDCD-419C-B956-D436FFFB8F19}.Release|Any CPU.ActiveCfg = Release|Any CPU
		{ECE446B7-BDCD-419C-B956-D436FFFB8F19}.Release|Any CPU.Build.0 = Release|Any CPU
		{A4325F19-4275-4B7A-B2D0-A1FF5D013AB9}.Debug|Any CPU.ActiveCfg = Debug|Any CPU
		{A4325F19-4275-4B7A-B2D0-A1FF5D013AB9}.Debug|Any CPU.Build.0 = Debug|Any CPU
		{A4325F19-4275-4B7A-B2D0-A1FF5D013AB9}.Release|Any CPU.ActiveCfg = Release|Any CPU
		{A4325F19-4275-4B7A-B2D0-A1FF5D013AB9}.Release|Any CPU.Build.0 = Release|Any CPU
	EndGlobalSection
	GlobalSection(SolutionProperties) = preSolution
		HideSolutionNode = FALSE
	EndGlobalSection
	GlobalSection(ExtensibilityGlobals) = postSolution
		SolutionGuid = {BCC4072A-2A79-44F6-98C9-338A1A787C1A}
	EndGlobalSection
EndGlobal
