
Microsoft Visual Studio Solution File, Format Version 12.00
# Visual Studio Version 16
VisualStudioVersion = 16.0.30523.141
MinimumVisualStudioVersion = 10.0.40219.1
Project("{9A19103F-16F7-4668-BE54-9A1E7A4F7556}") = "01. Count Chars in a String", "01. Count Chars in a String\01. Count Chars in a String.csproj", "{99141D28-D2F5-4757-BC58-F4A4140CF291}"
EndProject
Project("{9A19103F-16F7-4668-BE54-9A1E7A4F7556}") = "02. A Miner Task", "02. A Miner Task\02. A Miner Task.csproj", "{E6938D2D-1222-46B0-A4F1-2A055BC333D4}"
EndProject
Project("{9A19103F-16F7-4668-BE54-9A1E7A4F7556}") = "03. Legendary Farming", "03. Legendary Farming\03. Legendary Farming.csproj", "{2D4CE9E2-C60E-4DC2-BA73-BA6E750ED02F}"
EndProject
Project("{9A19103F-16F7-4668-BE54-9A1E7A4F7556}") = "04. Orders", "04. Orders\04. Orders.csproj", "{F6AEF6E8-D92B-47E9-B167-6C7D6E03AE2A}"
EndProject
Project("{9A19103F-16F7-4668-BE54-9A1E7A4F7556}") = "05. SoftUni Parking", "05. SoftUni Parking\05. SoftUni Parking.csproj", "{0AB66585-0D34-4360-9B5C-C898189A0876}"
EndProject
Project("{FAE04EC0-301F-11D3-BF4B-00C04F79EFBC}") = "06. Courses", "06. Courses\06. Courses.csproj", "{C61D5A48-7A9F-4472-8AA0-907A87E02A0C}"
EndProject
Project("{FAE04EC0-301F-11D3-BF4B-00C04F79EFBC}") = "07. Student Academy", "07. Student Academy\07. Student Academy.csproj", "{9D042EB2-E096-42CC-A4D5-D8686445FD90}"
EndProject
Project("{FAE04EC0-301F-11D3-BF4B-00C04F79EFBC}") = "08. Company Users", "08. Company Users\08. Company Users.csproj", "{DFA2C09F-7C09-43F4-B067-45DF5D090AAF}"
EndProject
Project("{FAE04EC0-301F-11D3-BF4B-00C04F79EFBC}") = "09. ForceBook", "09. ForceBook\09. ForceBook.csproj", "{A6D8A84A-CB5E-4684-8538-648BFE80723F}"
EndProject
Project("{FAE04EC0-301F-11D3-BF4B-00C04F79EFBC}") = "10. SoftUni Exam Results", "10. SoftUni Exam Results\10. SoftUni Exam Results.csproj", "{D85C5614-76E0-49CD-9979-B537CD277A3C}"
EndProject
Global
	GlobalSection(SolutionConfigurationPlatforms) = preSolution
		Debug|Any CPU = Debug|Any CPU
		Release|Any CPU = Release|Any CPU
	EndGlobalSection
	GlobalSection(ProjectConfigurationPlatforms) = postSolution
		{99141D28-D2F5-4757-BC58-F4A4140CF291}.Debug|Any CPU.ActiveCfg = Debug|Any CPU
		{99141D28-D2F5-4757-BC58-F4A4140CF291}.Debug|Any CPU.Build.0 = Debug|Any CPU
		{99141D28-D2F5-4757-BC58-F4A4140CF291}.Release|Any CPU.ActiveCfg = Release|Any CPU
		{99141D28-D2F5-4757-BC58-F4A4140CF291}.Release|Any CPU.Build.0 = Release|Any CPU
		{E6938D2D-1222-46B0-A4F1-2A055BC333D4}.Debug|Any CPU.ActiveCfg = Debug|Any CPU
		{E6938D2D-1222-46B0-A4F1-2A055BC333D4}.Debug|Any CPU.Build.0 = Debug|Any CPU
		{E6938D2D-1222-46B0-A4F1-2A055BC333D4}.Release|Any CPU.ActiveCfg = Release|Any CPU
		{E6938D2D-1222-46B0-A4F1-2A055BC333D4}.Release|Any CPU.Build.0 = Release|Any CPU
		{2D4CE9E2-C60E-4DC2-BA73-BA6E750ED02F}.Debug|Any CPU.ActiveCfg = Debug|Any CPU
		{2D4CE9E2-C60E-4DC2-BA73-BA6E750ED02F}.Debug|Any CPU.Build.0 = Debug|Any CPU
		{2D4CE9E2-C60E-4DC2-BA73-BA6E750ED02F}.Release|Any CPU.ActiveCfg = Release|Any CPU
		{2D4CE9E2-C60E-4DC2-BA73-BA6E750ED02F}.Release|Any CPU.Build.0 = Release|Any CPU
		{F6AEF6E8-D92B-47E9-B167-6C7D6E03AE2A}.Debug|Any CPU.ActiveCfg = Debug|Any CPU
		{F6AEF6E8-D92B-47E9-B167-6C7D6E03AE2A}.Debug|Any CPU.Build.0 = Debug|Any CPU
		{F6AEF6E8-D92B-47E9-B167-6C7D6E03AE2A}.Release|Any CPU.ActiveCfg = Release|Any CPU
		{F6AEF6E8-D92B-47E9-B167-6C7D6E03AE2A}.Release|Any CPU.Build.0 = Release|Any CPU
		{0AB66585-0D34-4360-9B5C-C898189A0876}.Debug|Any CPU.ActiveCfg = Debug|Any CPU
		{0AB66585-0D34-4360-9B5C-C898189A0876}.Debug|Any CPU.Build.0 = Debug|Any CPU
		{0AB66585-0D34-4360-9B5C-C898189A0876}.Release|Any CPU.ActiveCfg = Release|Any CPU
		{0AB66585-0D34-4360-9B5C-C898189A0876}.Release|Any CPU.Build.0 = Release|Any CPU
		{C61D5A48-7A9F-4472-8AA0-907A87E02A0C}.Debug|Any CPU.ActiveCfg = Debug|Any CPU
		{C61D5A48-7A9F-4472-8AA0-907A87E02A0C}.Debug|Any CPU.Build.0 = Debug|Any CPU
		{C61D5A48-7A9F-4472-8AA0-907A87E02A0C}.Release|Any CPU.ActiveCfg = Release|Any CPU
		{C61D5A48-7A9F-4472-8AA0-907A87E02A0C}.Release|Any CPU.Build.0 = Release|Any CPU
		{9D042EB2-E096-42CC-A4D5-D8686445FD90}.Debug|Any CPU.ActiveCfg = Debug|Any CPU
		{9D042EB2-E096-42CC-A4D5-D8686445FD90}.Debug|Any CPU.Build.0 = Debug|Any CPU
		{9D042EB2-E096-42CC-A4D5-D8686445FD90}.Release|Any CPU.ActiveCfg = Release|Any CPU
		{9D042EB2-E096-42CC-A4D5-D8686445FD90}.Release|Any CPU.Build.0 = Release|Any CPU
		{DFA2C09F-7C09-43F4-B067-45DF5D090AAF}.Debug|Any CPU.ActiveCfg = Debug|Any CPU
		{DFA2C09F-7C09-43F4-B067-45DF5D090AAF}.Debug|Any CPU.Build.0 = Debug|Any CPU
		{DFA2C09F-7C09-43F4-B067-45DF5D090AAF}.Release|Any CPU.ActiveCfg = Release|Any CPU
		{DFA2C09F-7C09-43F4-B067-45DF5D090AAF}.Release|Any CPU.Build.0 = Release|Any CPU
		{A6D8A84A-CB5E-4684-8538-648BFE80723F}.Debug|Any CPU.ActiveCfg = Debug|Any CPU
		{A6D8A84A-CB5E-4684-8538-648BFE80723F}.Debug|Any CPU.Build.0 = Debug|Any CPU
		{A6D8A84A-CB5E-4684-8538-648BFE80723F}.Release|Any CPU.ActiveCfg = Release|Any CPU
		{A6D8A84A-CB5E-4684-8538-648BFE80723F}.Release|Any CPU.Build.0 = Release|Any CPU
		{D85C5614-76E0-49CD-9979-B537CD277A3C}.Debug|Any CPU.ActiveCfg = Debug|Any CPU
		{D85C5614-76E0-49CD-9979-B537CD277A3C}.Debug|Any CPU.Build.0 = Debug|Any CPU
		{D85C5614-76E0-49CD-9979-B537CD277A3C}.Release|Any CPU.ActiveCfg = Release|Any CPU
		{D85C5614-76E0-49CD-9979-B537CD277A3C}.Release|Any CPU.Build.0 = Release|Any CPU
	EndGlobalSection
	GlobalSection(SolutionProperties) = preSolution
		HideSolutionNode = FALSE
	EndGlobalSection
	GlobalSection(ExtensibilityGlobals) = postSolution
		SolutionGuid = {6105AA90-D7F6-4F78-B3A6-820837AD8FDC}
	EndGlobalSection
EndGlobal
