
Microsoft Visual Studio Solution File, Format Version 12.00
# Visual Studio Version 16
VisualStudioVersion = 16.0.31911.196
MinimumVisualStudioVersion = 10.0.40219.1
Project("{FAE04EC0-301F-11D3-BF4B-00C04F79EFBC}") = "Invest Team Ltd. - ASP.NET Web API + jQuery Assignment", "Invest Team Ltd. - ASP.NET Web API + jQuery Assignment.csproj", "{C8FF9F72-55A5-4903-801E-B044E5D816B3}"
EndProject
Global
	GlobalSection(SolutionConfigurationPlatforms) = preSolution
		Debug|Any CPU = Debug|Any CPU
		Release|Any CPU = Release|Any CPU
	EndGlobalSection
	GlobalSection(ProjectConfigurationPlatforms) = postSolution
		{C8FF9F72-55A5-4903-801E-B044E5D816B3}.Debug|Any CPU.ActiveCfg = Debug|Any CPU
		{C8FF9F72-55A5-4903-801E-B044E5D816B3}.Debug|Any CPU.Build.0 = Debug|Any CPU
		{C8FF9F72-55A5-4903-801E-B044E5D816B3}.Release|Any CPU.ActiveCfg = Release|Any CPU
		{C8FF9F72-55A5-4903-801E-B044E5D816B3}.Release|Any CPU.Build.0 = Release|Any CPU
	EndGlobalSection
	GlobalSection(SolutionProperties) = preSolution
		HideSolutionNode = FALSE
	EndGlobalSection
	GlobalSection(ExtensibilityGlobals) = postSolution
		SolutionGuid = {A228F492-0EC9-4EFA-B342-DD1BC376C174}
	EndGlobalSection
EndGlobal
