
Microsoft Visual Studio Solution File, Format Version 12.00
# Visual Studio Version 16
VisualStudioVersion = 16.0.31019.35
MinimumVisualStudioVersion = 10.0.40219.1
Project("{FAE04EC0-301F-11D3-BF4B-00C04F79EFBC}") = "02. Database First", "02. Database First\02. Database First.csproj", "{74EAAB14-8A44-4CDF-943B-50AFB4A19AE2}"
EndProject
Project("{FAE04EC0-301F-11D3-BF4B-00C04F79EFBC}") = "03. Employees Full Information", "03. Employees Full Information\03. Employees Full Information.csproj", "{181C46B7-6BA3-4432-8EE9-2C4F7391B3EC}"
EndProject
Project("{FAE04EC0-301F-11D3-BF4B-00C04F79EFBC}") = "04. Employees with Salary Over 50 000", "04. Employees with Salary Over 50 000\04. Employees with Salary Over 50 000.csproj", "{3E101ABC-3675-47F6-B2DA-2514FDC01C87}"
EndProject
Global
	GlobalSection(SolutionConfigurationPlatforms) = preSolution
		Debug|Any CPU = Debug|Any CPU
		Release|Any CPU = Release|Any CPU
	EndGlobalSection
	GlobalSection(ProjectConfigurationPlatforms) = postSolution
		{74EAAB14-8A44-4CDF-943B-50AFB4A19AE2}.Debug|Any CPU.ActiveCfg = Debug|Any CPU
		{74EAAB14-8A44-4CDF-943B-50AFB4A19AE2}.Debug|Any CPU.Build.0 = Debug|Any CPU
		{74EAAB14-8A44-4CDF-943B-50AFB4A19AE2}.Release|Any CPU.ActiveCfg = Release|Any CPU
		{74EAAB14-8A44-4CDF-943B-50AFB4A19AE2}.Release|Any CPU.Build.0 = Release|Any CPU
		{181C46B7-6BA3-4432-8EE9-2C4F7391B3EC}.Debug|Any CPU.ActiveCfg = Debug|Any CPU
		{181C46B7-6BA3-4432-8EE9-2C4F7391B3EC}.Debug|Any CPU.Build.0 = Debug|Any CPU
		{181C46B7-6BA3-4432-8EE9-2C4F7391B3EC}.Release|Any CPU.ActiveCfg = Release|Any CPU
		{181C46B7-6BA3-4432-8EE9-2C4F7391B3EC}.Release|Any CPU.Build.0 = Release|Any CPU
		{3E101ABC-3675-47F6-B2DA-2514FDC01C87}.Debug|Any CPU.ActiveCfg = Debug|Any CPU
		{3E101ABC-3675-47F6-B2DA-2514FDC01C87}.Debug|Any CPU.Build.0 = Debug|Any CPU
		{3E101ABC-3675-47F6-B2DA-2514FDC01C87}.Release|Any CPU.ActiveCfg = Release|Any CPU
		{3E101ABC-3675-47F6-B2DA-2514FDC01C87}.Release|Any CPU.Build.0 = Release|Any CPU
	EndGlobalSection
	GlobalSection(SolutionProperties) = preSolution
		HideSolutionNode = FALSE
	EndGlobalSection
	GlobalSection(ExtensibilityGlobals) = postSolution
		SolutionGuid = {D0A5E70B-5B1D-493E-809A-31D8DE435E1C}
	EndGlobalSection
EndGlobal
