
Microsoft Visual Studio Solution File, Format Version 12.00
# Visual Studio Version 16
VisualStudioVersion = 16.0.31019.35
MinimumVisualStudioVersion = 10.0.40219.1
Project("{9A19103F-16F7-4668-BE54-9A1E7A4F7556}") = "02. Database First", "02. Database First\02. Database First.csproj", "{74EAAB14-8A44-4CDF-943B-50AFB4A19AE2}"
EndProject
Project("{FAE04EC0-301F-11D3-BF4B-00C04F79EFBC}") = "03. Employees Full Information", "03. Employees Full Information\03. Employees Full Information.csproj", "{181C46B7-6BA3-4432-8EE9-2C4F7391B3EC}"
EndProject
Project("{FAE04EC0-301F-11D3-BF4B-00C04F79EFBC}") = "04. Employees with Salary Over 50 000", "04. Employees with Salary Over 50 000\04. Employees with Salary Over 50 000.csproj", "{3E101ABC-3675-47F6-B2DA-2514FDC01C87}"
EndProject
Project("{FAE04EC0-301F-11D3-BF4B-00C04F79EFBC}") = "05. Employees from Research and Development", "05. Employees from Research and Development\05. Employees from Research and Development.csproj", "{0B1A8E40-D4FE-4F82-A267-C8F25CD1938A}"
EndProject
Project("{FAE04EC0-301F-11D3-BF4B-00C04F79EFBC}") = "06. Adding a New Address and Updating Employee", "06. Adding a New Address and Updating Employee\06. Adding a New Address and Updating Employee.csproj", "{AAE2F4C2-2E46-4F19-AE17-0CDD1BE1CC3B}"
EndProject
Project("{FAE04EC0-301F-11D3-BF4B-00C04F79EFBC}") = "07. Employees and Projects", "07. Employees and Projects\07. Employees and Projects.csproj", "{B1339BDB-A98F-4C5B-8D84-A64142AD6D8F}"
EndProject
Project("{FAE04EC0-301F-11D3-BF4B-00C04F79EFBC}") = "08. Addresses by Town", "08. Addresses by Town\08. Addresses by Town.csproj", "{7EBB57AD-69AB-4B5E-B39E-5B6A81931665}"
EndProject
Project("{FAE04EC0-301F-11D3-BF4B-00C04F79EFBC}") = "09. Employee 147", "09. Employee 147\09. Employee 147.csproj", "{ED28C48A-A411-457D-8949-A6D0D70752E9}"
EndProject
Project("{FAE04EC0-301F-11D3-BF4B-00C04F79EFBC}") = "10. Departments with More Than 5 Employees", "10. Departments with More Than 5 Employees\10. Departments with More Than 5 Employees.csproj", "{CA6661F1-F26F-46FF-BB31-0872E33236C7}"
EndProject
Project("{FAE04EC0-301F-11D3-BF4B-00C04F79EFBC}") = "11. Find Latest 10 Projects", "11. Find Latest 10 Projects\11. Find Latest 10 Projects.csproj", "{E085253F-8B8A-4F56-B9E9-35FEE2249B77}"
EndProject
Project("{FAE04EC0-301F-11D3-BF4B-00C04F79EFBC}") = "12. Increase Salaries", "12. Increase Salaries\12. Increase Salaries.csproj", "{78431792-28A5-41EB-B277-219EB6E015B9}"
EndProject
Project("{FAE04EC0-301F-11D3-BF4B-00C04F79EFBC}") = "13. Find Employees by First Name Starting With Sa", "13. Find Employees by First Name Starting With Sa\13. Find Employees by First Name Starting With Sa.csproj", "{02C9800C-F26B-4F90-A9AC-17CFD96EEDA9}"
EndProject
Project("{FAE04EC0-301F-11D3-BF4B-00C04F79EFBC}") = "14. Delete Project by Id", "14. Delete Project by Id\14. Delete Project by Id.csproj", "{8FDFA5BD-188D-4E49-A34C-AD5C0A4BEFCA}"
EndProject
Project("{FAE04EC0-301F-11D3-BF4B-00C04F79EFBC}") = "15. Remove Town", "15. Remove Town\15. Remove Town.csproj", "{1D96D3E0-C73C-4D6C-9886-35296FD6E91F}"
EndProject
Global
	GlobalSection(SolutionConfigurationPlatforms) = preSolution
		Debug|Any CPU = Debug|Any CPU
		Release|Any CPU = Release|Any CPU
	EndGlobalSection
	GlobalSection(ProjectConfigurationPlatforms) = postSolution
		{74EAAB14-8A44-4CDF-943B-50AFB4A19AE2}.Debug|Any CPU.ActiveCfg = Debug|Any CPU
		{74EAAB14-8A44-4CDF-943B-50AFB4A19AE2}.Debug|Any CPU.Build.0 = Debug|Any CPU
		{74EAAB14-8A44-4CDF-943B-50AFB4A19AE2}.Release|Any CPU.ActiveCfg = Release|Any CPU
		{74EAAB14-8A44-4CDF-943B-50AFB4A19AE2}.Release|Any CPU.Build.0 = Release|Any CPU
		{181C46B7-6BA3-4432-8EE9-2C4F7391B3EC}.Debug|Any CPU.ActiveCfg = Debug|Any CPU
		{181C46B7-6BA3-4432-8EE9-2C4F7391B3EC}.Debug|Any CPU.Build.0 = Debug|Any CPU
		{181C46B7-6BA3-4432-8EE9-2C4F7391B3EC}.Release|Any CPU.ActiveCfg = Release|Any CPU
		{181C46B7-6BA3-4432-8EE9-2C4F7391B3EC}.Release|Any CPU.Build.0 = Release|Any CPU
		{3E101ABC-3675-47F6-B2DA-2514FDC01C87}.Debug|Any CPU.ActiveCfg = Debug|Any CPU
		{3E101ABC-3675-47F6-B2DA-2514FDC01C87}.Debug|Any CPU.Build.0 = Debug|Any CPU
		{3E101ABC-3675-47F6-B2DA-2514FDC01C87}.Release|Any CPU.ActiveCfg = Release|Any CPU
		{3E101ABC-3675-47F6-B2DA-2514FDC01C87}.Release|Any CPU.Build.0 = Release|Any CPU
		{0B1A8E40-D4FE-4F82-A267-C8F25CD1938A}.Debug|Any CPU.ActiveCfg = Debug|Any CPU
		{0B1A8E40-D4FE-4F82-A267-C8F25CD1938A}.Debug|Any CPU.Build.0 = Debug|Any CPU
		{0B1A8E40-D4FE-4F82-A267-C8F25CD1938A}.Release|Any CPU.ActiveCfg = Release|Any CPU
		{0B1A8E40-D4FE-4F82-A267-C8F25CD1938A}.Release|Any CPU.Build.0 = Release|Any CPU
		{AAE2F4C2-2E46-4F19-AE17-0CDD1BE1CC3B}.Debug|Any CPU.ActiveCfg = Debug|Any CPU
		{AAE2F4C2-2E46-4F19-AE17-0CDD1BE1CC3B}.Debug|Any CPU.Build.0 = Debug|Any CPU
		{AAE2F4C2-2E46-4F19-AE17-0CDD1BE1CC3B}.Release|Any CPU.ActiveCfg = Release|Any CPU
		{AAE2F4C2-2E46-4F19-AE17-0CDD1BE1CC3B}.Release|Any CPU.Build.0 = Release|Any CPU
		{B1339BDB-A98F-4C5B-8D84-A64142AD6D8F}.Debug|Any CPU.ActiveCfg = Debug|Any CPU
		{B1339BDB-A98F-4C5B-8D84-A64142AD6D8F}.Debug|Any CPU.Build.0 = Debug|Any CPU
		{B1339BDB-A98F-4C5B-8D84-A64142AD6D8F}.Release|Any CPU.ActiveCfg = Release|Any CPU
		{B1339BDB-A98F-4C5B-8D84-A64142AD6D8F}.Release|Any CPU.Build.0 = Release|Any CPU
		{7EBB57AD-69AB-4B5E-B39E-5B6A81931665}.Debug|Any CPU.ActiveCfg = Debug|Any CPU
		{7EBB57AD-69AB-4B5E-B39E-5B6A81931665}.Debug|Any CPU.Build.0 = Debug|Any CPU
		{7EBB57AD-69AB-4B5E-B39E-5B6A81931665}.Release|Any CPU.ActiveCfg = Release|Any CPU
		{7EBB57AD-69AB-4B5E-B39E-5B6A81931665}.Release|Any CPU.Build.0 = Release|Any CPU
		{ED28C48A-A411-457D-8949-A6D0D70752E9}.Debug|Any CPU.ActiveCfg = Debug|Any CPU
		{ED28C48A-A411-457D-8949-A6D0D70752E9}.Debug|Any CPU.Build.0 = Debug|Any CPU
		{ED28C48A-A411-457D-8949-A6D0D70752E9}.Release|Any CPU.ActiveCfg = Release|Any CPU
		{ED28C48A-A411-457D-8949-A6D0D70752E9}.Release|Any CPU.Build.0 = Release|Any CPU
		{CA6661F1-F26F-46FF-BB31-0872E33236C7}.Debug|Any CPU.ActiveCfg = Debug|Any CPU
		{CA6661F1-F26F-46FF-BB31-0872E33236C7}.Debug|Any CPU.Build.0 = Debug|Any CPU
		{CA6661F1-F26F-46FF-BB31-0872E33236C7}.Release|Any CPU.ActiveCfg = Release|Any CPU
		{CA6661F1-F26F-46FF-BB31-0872E33236C7}.Release|Any CPU.Build.0 = Release|Any CPU
		{E085253F-8B8A-4F56-B9E9-35FEE2249B77}.Debug|Any CPU.ActiveCfg = Debug|Any CPU
		{E085253F-8B8A-4F56-B9E9-35FEE2249B77}.Debug|Any CPU.Build.0 = Debug|Any CPU
		{E085253F-8B8A-4F56-B9E9-35FEE2249B77}.Release|Any CPU.ActiveCfg = Release|Any CPU
		{E085253F-8B8A-4F56-B9E9-35FEE2249B77}.Release|Any CPU.Build.0 = Release|Any CPU
		{78431792-28A5-41EB-B277-219EB6E015B9}.Debug|Any CPU.ActiveCfg = Debug|Any CPU
		{78431792-28A5-41EB-B277-219EB6E015B9}.Debug|Any CPU.Build.0 = Debug|Any CPU
		{78431792-28A5-41EB-B277-219EB6E015B9}.Release|Any CPU.ActiveCfg = Release|Any CPU
		{78431792-28A5-41EB-B277-219EB6E015B9}.Release|Any CPU.Build.0 = Release|Any CPU
		{02C9800C-F26B-4F90-A9AC-17CFD96EEDA9}.Debug|Any CPU.ActiveCfg = Debug|Any CPU
		{02C9800C-F26B-4F90-A9AC-17CFD96EEDA9}.Debug|Any CPU.Build.0 = Debug|Any CPU
		{02C9800C-F26B-4F90-A9AC-17CFD96EEDA9}.Release|Any CPU.ActiveCfg = Release|Any CPU
		{02C9800C-F26B-4F90-A9AC-17CFD96EEDA9}.Release|Any CPU.Build.0 = Release|Any CPU
		{8FDFA5BD-188D-4E49-A34C-AD5C0A4BEFCA}.Debug|Any CPU.ActiveCfg = Debug|Any CPU
		{8FDFA5BD-188D-4E49-A34C-AD5C0A4BEFCA}.Debug|Any CPU.Build.0 = Debug|Any CPU
		{8FDFA5BD-188D-4E49-A34C-AD5C0A4BEFCA}.Release|Any CPU.ActiveCfg = Release|Any CPU
		{8FDFA5BD-188D-4E49-A34C-AD5C0A4BEFCA}.Release|Any CPU.Build.0 = Release|Any CPU
		{1D96D3E0-C73C-4D6C-9886-35296FD6E91F}.Debug|Any CPU.ActiveCfg = Debug|Any CPU
		{1D96D3E0-C73C-4D6C-9886-35296FD6E91F}.Debug|Any CPU.Build.0 = Debug|Any CPU
		{1D96D3E0-C73C-4D6C-9886-35296FD6E91F}.Release|Any CPU.ActiveCfg = Release|Any CPU
		{1D96D3E0-C73C-4D6C-9886-35296FD6E91F}.Release|Any CPU.Build.0 = Release|Any CPU
	EndGlobalSection
	GlobalSection(SolutionProperties) = preSolution
		HideSolutionNode = FALSE
	EndGlobalSection
	GlobalSection(ExtensibilityGlobals) = postSolution
		SolutionGuid = {D0A5E70B-5B1D-493E-809A-31D8DE435E1C}
	EndGlobalSection
EndGlobal
