
Microsoft Visual Studio Solution File, Format Version 12.00
# Visual Studio Version 16
VisualStudioVersion = 16.0.30517.126
MinimumVisualStudioVersion = 10.0.40219.1
Project("{FAE04EC0-301F-11D3-BF4B-00C04F79EFBC}") = "1. Convert Meters to Kilometers", "1. Convert Meters to Kilometers\1. Convert Meters to Kilometers.csproj", "{EF322E05-73E0-4805-A248-41A57F43EFF7}"
EndProject
Global
	GlobalSection(SolutionConfigurationPlatforms) = preSolution
		Debug|Any CPU = Debug|Any CPU
		Release|Any CPU = Release|Any CPU
	EndGlobalSection
	GlobalSection(ProjectConfigurationPlatforms) = postSolution
		{EF322E05-73E0-4805-A248-41A57F43EFF7}.Debug|Any CPU.ActiveCfg = Debug|Any CPU
		{EF322E05-73E0-4805-A248-41A57F43EFF7}.Debug|Any CPU.Build.0 = Debug|Any CPU
		{EF322E05-73E0-4805-A248-41A57F43EFF7}.Release|Any CPU.ActiveCfg = Release|Any CPU
		{EF322E05-73E0-4805-A248-41A57F43EFF7}.Release|Any CPU.Build.0 = Release|Any CPU
	EndGlobalSection
	GlobalSection(SolutionProperties) = preSolution
		HideSolutionNode = FALSE
	EndGlobalSection
	GlobalSection(ExtensibilityGlobals) = postSolution
		SolutionGuid = {776FE103-3BC2-4844-9D93-4F27EB2442E5}
	EndGlobalSection
EndGlobal
